
Microsoft Visual Studio Solution File, Format Version 12.00
# Visual Studio Version 16
VisualStudioVersion = 16.0.30320.27
MinimumVisualStudioVersion = 10.0.40219.1
Project("{9A19103F-16F7-4668-BE54-9A1E7A4F7556}") = "H1_BasiskProgrammering", "H1_BasiskProgrammering\H1_BasiskProgrammering.csproj", "{5C18ED5B-A07F-4472-9128-39CCF8E4AD30}"
EndProject
Project("{9A19103F-16F7-4668-BE54-9A1E7A4F7556}") = "Thermometer", "Thermometer\Thermometer.csproj", "{BF6C973A-7263-41BD-81A2-C570BDFE6AFE}"
EndProject
Project("{9A19103F-16F7-4668-BE54-9A1E7A4F7556}") = "ValutaOmregneren", "ValutaOmregneren\ValutaOmregneren.csproj", "{D9860E78-F482-46BF-8E52-4E3A94D2439D}"
EndProject
Project("{9A19103F-16F7-4668-BE54-9A1E7A4F7556}") = "Rumfanget", "Rumfanget\Rumfanget.csproj", "{7E1B17AB-98DD-42BE-A633-26469ED2B01A}"
EndProject
Project("{9A19103F-16F7-4668-BE54-9A1E7A4F7556}") = "Terningekastet", "Terningekastet\Terningekastet.csproj", "{438232D7-99F2-4C63-A8FE-53BF1D95AFB3}"
EndProject
Project("{9A19103F-16F7-4668-BE54-9A1E7A4F7556}") = "Pythagaros", "Pythagaros\Pythagaros.csproj", "{5D686335-85F0-47C9-BE02-4FC5ED709759}"
EndProject
Project("{9A19103F-16F7-4668-BE54-9A1E7A4F7556}") = "Alder", "Alder\Alder.csproj", "{4FF98977-C0CF-4CF5-B9E6-D3BFAA7B44D0}"
EndProject
Project("{9A19103F-16F7-4668-BE54-9A1E7A4F7556}") = "Gæt et tal", "Gæt et tal\Gæt et tal.csproj", "{D7EF91D7-0A83-463B-B1F8-70DBE69EA3B6}"
EndProject
Project("{9A19103F-16F7-4668-BE54-9A1E7A4F7556}") = "Morsecode", "Morsecode\Morsecode.csproj", "{A9419530-7D83-4251-B140-5096415D735B}"
EndProject
Project("{9A19103F-16F7-4668-BE54-9A1E7A4F7556}") = "Breve Porto", "Breve Porto\Breve Porto.csproj", "{5485B216-30B1-4A38-99DD-2EE65E707732}"
EndProject
Project("{9A19103F-16F7-4668-BE54-9A1E7A4F7556}") = "IgangMedLøkker", "IgangMedLøkker\IgangMedLøkker.csproj", "{5056BDD5-EB26-43DD-AA14-2BF0591DBEA5}"
EndProject
Project("{9A19103F-16F7-4668-BE54-9A1E7A4F7556}") = "Array", "Array\Array.csproj", "{D09EB38C-731C-40BD-BEFA-A9FE8F26FFC5}"
EndProject
Project("{9A19103F-16F7-4668-BE54-9A1E7A4F7556}") = "Array øvelse 1", "Array øvelse 1\Array øvelse 1.csproj", "{CCDE6A3D-CF7B-43D6-9CB0-CB8D8173F25E}"
EndProject
Project("{9A19103F-16F7-4668-BE54-9A1E7A4F7556}") = "Array Øvelse 2", "Array Øvelse 2\Array Øvelse 2.csproj", "{36B0D5CA-EB05-43B0-B80E-82795AEA3BC5}"
EndProject
Project("{9A19103F-16F7-4668-BE54-9A1E7A4F7556}") = "Array øvelse 4", "Array øvelse 4\Array øvelse 4.csproj", "{6FA6DDDD-3752-43B7-9025-62251BEACE9B}"
EndProject
Project("{9A19103F-16F7-4668-BE54-9A1E7A4F7556}") = "Array øvelse 3", "Array øvelse 3\Array øvelse 3.csproj", "{06D56AD4-1B48-4147-B194-4FED82C9DBE6}"
EndProject
Project("{FAE04EC0-301F-11D3-BF4B-00C04F79EFBC}") = "Array øvelse 4B", "Array øvelse 4B\Array øvelse 4B.csproj", "{8BD22660-E214-4817-BA01-A76B923F399C}"
EndProject
Project("{FAE04EC0-301F-11D3-BF4B-00C04F79EFBC}") = "BubbleSort", "BubbleSort\BubbleSort.csproj", "{7BFA7152-B0AA-46A2-9107-E0CE0F5BE871}"
EndProject
Project("{FAE04EC0-301F-11D3-BF4B-00C04F79EFBC}") = "Lister", "Lister\Lister.csproj", "{2F225FCF-431A-4C2C-A3C0-299864DA7D7F}"
EndProject
Project("{FAE04EC0-301F-11D3-BF4B-00C04F79EFBC}") = "Lotto", "Lotto\Lotto.csproj", "{2CA53322-C322-46E8-BDBA-98D47E7BA604}"
EndProject
Global
	GlobalSection(SolutionConfigurationPlatforms) = preSolution
		Debug|Any CPU = Debug|Any CPU
		Release|Any CPU = Release|Any CPU
	EndGlobalSection
	GlobalSection(ProjectConfigurationPlatforms) = postSolution
		{5C18ED5B-A07F-4472-9128-39CCF8E4AD30}.Debug|Any CPU.ActiveCfg = Debug|Any CPU
		{5C18ED5B-A07F-4472-9128-39CCF8E4AD30}.Debug|Any CPU.Build.0 = Debug|Any CPU
		{5C18ED5B-A07F-4472-9128-39CCF8E4AD30}.Release|Any CPU.ActiveCfg = Release|Any CPU
		{5C18ED5B-A07F-4472-9128-39CCF8E4AD30}.Release|Any CPU.Build.0 = Release|Any CPU
		{BF6C973A-7263-41BD-81A2-C570BDFE6AFE}.Debug|Any CPU.ActiveCfg = Debug|Any CPU
		{BF6C973A-7263-41BD-81A2-C570BDFE6AFE}.Debug|Any CPU.Build.0 = Debug|Any CPU
		{BF6C973A-7263-41BD-81A2-C570BDFE6AFE}.Release|Any CPU.ActiveCfg = Release|Any CPU
		{BF6C973A-7263-41BD-81A2-C570BDFE6AFE}.Release|Any CPU.Build.0 = Release|Any CPU
		{D9860E78-F482-46BF-8E52-4E3A94D2439D}.Debug|Any CPU.ActiveCfg = Debug|Any CPU
		{D9860E78-F482-46BF-8E52-4E3A94D2439D}.Debug|Any CPU.Build.0 = Debug|Any CPU
		{D9860E78-F482-46BF-8E52-4E3A94D2439D}.Release|Any CPU.ActiveCfg = Release|Any CPU
		{D9860E78-F482-46BF-8E52-4E3A94D2439D}.Release|Any CPU.Build.0 = Release|Any CPU
		{7E1B17AB-98DD-42BE-A633-26469ED2B01A}.Debug|Any CPU.ActiveCfg = Debug|Any CPU
		{7E1B17AB-98DD-42BE-A633-26469ED2B01A}.Debug|Any CPU.Build.0 = Debug|Any CPU
		{7E1B17AB-98DD-42BE-A633-26469ED2B01A}.Release|Any CPU.ActiveCfg = Release|Any CPU
		{7E1B17AB-98DD-42BE-A633-26469ED2B01A}.Release|Any CPU.Build.0 = Release|Any CPU
		{438232D7-99F2-4C63-A8FE-53BF1D95AFB3}.Debug|Any CPU.ActiveCfg = Debug|Any CPU
		{438232D7-99F2-4C63-A8FE-53BF1D95AFB3}.Debug|Any CPU.Build.0 = Debug|Any CPU
		{438232D7-99F2-4C63-A8FE-53BF1D95AFB3}.Release|Any CPU.ActiveCfg = Release|Any CPU
		{438232D7-99F2-4C63-A8FE-53BF1D95AFB3}.Release|Any CPU.Build.0 = Release|Any CPU
		{5D686335-85F0-47C9-BE02-4FC5ED709759}.Debug|Any CPU.ActiveCfg = Debug|Any CPU
		{5D686335-85F0-47C9-BE02-4FC5ED709759}.Debug|Any CPU.Build.0 = Debug|Any CPU
		{5D686335-85F0-47C9-BE02-4FC5ED709759}.Release|Any CPU.ActiveCfg = Release|Any CPU
		{5D686335-85F0-47C9-BE02-4FC5ED709759}.Release|Any CPU.Build.0 = Release|Any CPU
		{4FF98977-C0CF-4CF5-B9E6-D3BFAA7B44D0}.Debug|Any CPU.ActiveCfg = Debug|Any CPU
		{4FF98977-C0CF-4CF5-B9E6-D3BFAA7B44D0}.Debug|Any CPU.Build.0 = Debug|Any CPU
		{4FF98977-C0CF-4CF5-B9E6-D3BFAA7B44D0}.Release|Any CPU.ActiveCfg = Release|Any CPU
		{4FF98977-C0CF-4CF5-B9E6-D3BFAA7B44D0}.Release|Any CPU.Build.0 = Release|Any CPU
		{D7EF91D7-0A83-463B-B1F8-70DBE69EA3B6}.Debug|Any CPU.ActiveCfg = Debug|Any CPU
		{D7EF91D7-0A83-463B-B1F8-70DBE69EA3B6}.Debug|Any CPU.Build.0 = Debug|Any CPU
		{D7EF91D7-0A83-463B-B1F8-70DBE69EA3B6}.Release|Any CPU.ActiveCfg = Release|Any CPU
		{D7EF91D7-0A83-463B-B1F8-70DBE69EA3B6}.Release|Any CPU.Build.0 = Release|Any CPU
		{A9419530-7D83-4251-B140-5096415D735B}.Debug|Any CPU.ActiveCfg = Debug|Any CPU
		{A9419530-7D83-4251-B140-5096415D735B}.Debug|Any CPU.Build.0 = Debug|Any CPU
		{A9419530-7D83-4251-B140-5096415D735B}.Release|Any CPU.ActiveCfg = Release|Any CPU
		{A9419530-7D83-4251-B140-5096415D735B}.Release|Any CPU.Build.0 = Release|Any CPU
		{5485B216-30B1-4A38-99DD-2EE65E707732}.Debug|Any CPU.ActiveCfg = Debug|Any CPU
		{5485B216-30B1-4A38-99DD-2EE65E707732}.Debug|Any CPU.Build.0 = Debug|Any CPU
		{5485B216-30B1-4A38-99DD-2EE65E707732}.Release|Any CPU.ActiveCfg = Release|Any CPU
		{5485B216-30B1-4A38-99DD-2EE65E707732}.Release|Any CPU.Build.0 = Release|Any CPU
		{5056BDD5-EB26-43DD-AA14-2BF0591DBEA5}.Debug|Any CPU.ActiveCfg = Debug|Any CPU
		{5056BDD5-EB26-43DD-AA14-2BF0591DBEA5}.Debug|Any CPU.Build.0 = Debug|Any CPU
		{5056BDD5-EB26-43DD-AA14-2BF0591DBEA5}.Release|Any CPU.ActiveCfg = Release|Any CPU
		{5056BDD5-EB26-43DD-AA14-2BF0591DBEA5}.Release|Any CPU.Build.0 = Release|Any CPU
		{D09EB38C-731C-40BD-BEFA-A9FE8F26FFC5}.Debug|Any CPU.ActiveCfg = Debug|Any CPU
		{D09EB38C-731C-40BD-BEFA-A9FE8F26FFC5}.Debug|Any CPU.Build.0 = Debug|Any CPU
		{D09EB38C-731C-40BD-BEFA-A9FE8F26FFC5}.Release|Any CPU.ActiveCfg = Release|Any CPU
		{D09EB38C-731C-40BD-BEFA-A9FE8F26FFC5}.Release|Any CPU.Build.0 = Release|Any CPU
		{CCDE6A3D-CF7B-43D6-9CB0-CB8D8173F25E}.Debug|Any CPU.ActiveCfg = Debug|Any CPU
		{CCDE6A3D-CF7B-43D6-9CB0-CB8D8173F25E}.Debug|Any CPU.Build.0 = Debug|Any CPU
		{CCDE6A3D-CF7B-43D6-9CB0-CB8D8173F25E}.Release|Any CPU.ActiveCfg = Release|Any CPU
		{CCDE6A3D-CF7B-43D6-9CB0-CB8D8173F25E}.Release|Any CPU.Build.0 = Release|Any CPU
		{36B0D5CA-EB05-43B0-B80E-82795AEA3BC5}.Debug|Any CPU.ActiveCfg = Debug|Any CPU
		{36B0D5CA-EB05-43B0-B80E-82795AEA3BC5}.Debug|Any CPU.Build.0 = Debug|Any CPU
		{36B0D5CA-EB05-43B0-B80E-82795AEA3BC5}.Release|Any CPU.ActiveCfg = Release|Any CPU
		{36B0D5CA-EB05-43B0-B80E-82795AEA3BC5}.Release|Any CPU.Build.0 = Release|Any CPU
		{6FA6DDDD-3752-43B7-9025-62251BEACE9B}.Debug|Any CPU.ActiveCfg = Debug|Any CPU
		{6FA6DDDD-3752-43B7-9025-62251BEACE9B}.Debug|Any CPU.Build.0 = Debug|Any CPU
		{6FA6DDDD-3752-43B7-9025-62251BEACE9B}.Release|Any CPU.ActiveCfg = Release|Any CPU
		{6FA6DDDD-3752-43B7-9025-62251BEACE9B}.Release|Any CPU.Build.0 = Release|Any CPU
		{06D56AD4-1B48-4147-B194-4FED82C9DBE6}.Debug|Any CPU.ActiveCfg = Debug|Any CPU
		{06D56AD4-1B48-4147-B194-4FED82C9DBE6}.Debug|Any CPU.Build.0 = Debug|Any CPU
		{06D56AD4-1B48-4147-B194-4FED82C9DBE6}.Release|Any CPU.ActiveCfg = Release|Any CPU
		{06D56AD4-1B48-4147-B194-4FED82C9DBE6}.Release|Any CPU.Build.0 = Release|Any CPU
		{8BD22660-E214-4817-BA01-A76B923F399C}.Debug|Any CPU.ActiveCfg = Debug|Any CPU
		{8BD22660-E214-4817-BA01-A76B923F399C}.Debug|Any CPU.Build.0 = Debug|Any CPU
		{8BD22660-E214-4817-BA01-A76B923F399C}.Release|Any CPU.ActiveCfg = Release|Any CPU
		{8BD22660-E214-4817-BA01-A76B923F399C}.Release|Any CPU.Build.0 = Release|Any CPU
		{7BFA7152-B0AA-46A2-9107-E0CE0F5BE871}.Debug|Any CPU.ActiveCfg = Debug|Any CPU
		{7BFA7152-B0AA-46A2-9107-E0CE0F5BE871}.Debug|Any CPU.Build.0 = Debug|Any CPU
		{7BFA7152-B0AA-46A2-9107-E0CE0F5BE871}.Release|Any CPU.ActiveCfg = Release|Any CPU
		{7BFA7152-B0AA-46A2-9107-E0CE0F5BE871}.Release|Any CPU.Build.0 = Release|Any CPU
		{2F225FCF-431A-4C2C-A3C0-299864DA7D7F}.Debug|Any CPU.ActiveCfg = Debug|Any CPU
		{2F225FCF-431A-4C2C-A3C0-299864DA7D7F}.Debug|Any CPU.Build.0 = Debug|Any CPU
		{2F225FCF-431A-4C2C-A3C0-299864DA7D7F}.Release|Any CPU.ActiveCfg = Release|Any CPU
		{2F225FCF-431A-4C2C-A3C0-299864DA7D7F}.Release|Any CPU.Build.0 = Release|Any CPU
		{2CA53322-C322-46E8-BDBA-98D47E7BA604}.Debug|Any CPU.ActiveCfg = Debug|Any CPU
		{2CA53322-C322-46E8-BDBA-98D47E7BA604}.Debug|Any CPU.Build.0 = Debug|Any CPU
		{2CA53322-C322-46E8-BDBA-98D47E7BA604}.Release|Any CPU.ActiveCfg = Release|Any CPU
		{2CA53322-C322-46E8-BDBA-98D47E7BA604}.Release|Any CPU.Build.0 = Release|Any CPU
	EndGlobalSection
	GlobalSection(SolutionProperties) = preSolution
		HideSolutionNode = FALSE
	EndGlobalSection
	GlobalSection(ExtensibilityGlobals) = postSolution
		SolutionGuid = {B0CAE0A8-BA19-462B-9823-52B1913C49F3}
	EndGlobalSection
EndGlobal
